
Microsoft Visual Studio Solution File, Format Version 12.00
# Visual Studio 14
VisualStudioVersion = 14.0.25420.1
MinimumVisualStudioVersion = 10.0.40219.1
Project("{FAE04EC0-301F-11D3-BF4B-00C04F79EFBC}") = "Vidly", "Vidly\Vidly.csproj", "{A36BA21F-C26C-4EB1-89EA-C64072EBFAD5}"
EndProject
Project("{FAE04EC0-301F-11D3-BF4B-00C04F79EFBC}") = "Vidly.Tests", "Vidly.Tests\Vidly.Tests.csproj", "{DD3AC635-2BE6-4C6A-8D2E-748657E9EC7F}"
EndProject
Global
	GlobalSection(SolutionConfigurationPlatforms) = preSolution
		Debug|Any CPU = Debug|Any CPU
		Release|Any CPU = Release|Any CPU
	EndGlobalSection
	GlobalSection(ProjectConfigurationPlatforms) = postSolution
		{A36BA21F-C26C-4EB1-89EA-C64072EBFAD5}.Debug|Any CPU.ActiveCfg = Debug|Any CPU
		{A36BA21F-C26C-4EB1-89EA-C64072EBFAD5}.Debug|Any CPU.Build.0 = Debug|Any CPU
		{A36BA21F-C26C-4EB1-89EA-C64072EBFAD5}.Release|Any CPU.ActiveCfg = Release|Any CPU
		{A36BA21F-C26C-4EB1-89EA-C64072EBFAD5}.Release|Any CPU.Build.0 = Release|Any CPU
		{DD3AC635-2BE6-4C6A-8D2E-748657E9EC7F}.Debug|Any CPU.ActiveCfg = Debug|Any CPU
		{DD3AC635-2BE6-4C6A-8D2E-748657E9EC7F}.Debug|Any CPU.Build.0 = Debug|Any CPU
		{DD3AC635-2BE6-4C6A-8D2E-748657E9EC7F}.Release|Any CPU.ActiveCfg = Release|Any CPU
		{DD3AC635-2BE6-4C6A-8D2E-748657E9EC7F}.Release|Any CPU.Build.0 = Release|Any CPU
	EndGlobalSection
	GlobalSection(SolutionProperties) = preSolution
		HideSolutionNode = FALSE
	EndGlobalSection
EndGlobal
